
Microsoft Visual Studio Solution File, Format Version 12.00
# Visual Studio Version 17
VisualStudioVersion = 17.2.32630.192
MinimumVisualStudioVersion = 10.0.40219.1
Project("{2150E333-8FDC-42A3-9474-1A3956D46DE8}") = "src", "src", "{C421F026-9958-418F-B246-8AED4D9295E0}"
EndProject
Project("{2150E333-8FDC-42A3-9474-1A3956D46DE8}") = "Core", "Core", "{572A6B96-E081-4109-AB23-3D0F6E3A3A30}"
EndProject
Project("{2150E333-8FDC-42A3-9474-1A3956D46DE8}") = "Infrastructure", "Infrastructure", "{9B7C7526-8225-4E92-B9F1-AE3859BD33D0}"
EndProject
Project("{2150E333-8FDC-42A3-9474-1A3956D46DE8}") = "Presentation", "Presentation", "{813849E6-8F2C-4BC7-8C79-0CF72A5A05B2}"
EndProject
Project("{9A19103F-16F7-4668-BE54-9A1E7A4F7556}") = "Application", "Application\Application.csproj", "{EF92B731-3BB7-4D4D-BEB8-8DEFC7468F5E}"
EndProject
Project("{9A19103F-16F7-4668-BE54-9A1E7A4F7556}") = "Domain", "Domain\Domain.csproj", "{C4E0FD59-2561-4820-8FCD-252015E8D1CB}"
EndProject
Project("{9A19103F-16F7-4668-BE54-9A1E7A4F7556}") = "Persistense", "Persistense\Persistense.csproj", "{D1D41EBA-0365-4887-AD07-8506539D48F6}"
EndProject
Project("{9A19103F-16F7-4668-BE54-9A1E7A4F7556}") = "Shared", "Shared\Shared.csproj", "{38C7A91D-6261-4D62-83AB-8771B77B1D54}"
EndProject
Project("{FAE04EC0-301F-11D3-BF4B-00C04F79EFBC}") = "Mailing List App", "Mailing List App\Mailing List App.csproj", "{AACFFF22-7A89-4D39-813B-88D2E906E1C4}"
EndProject
Global
	GlobalSection(SolutionConfigurationPlatforms) = preSolution
		Debug|Any CPU = Debug|Any CPU
		Release|Any CPU = Release|Any CPU
	EndGlobalSection
	GlobalSection(ProjectConfigurationPlatforms) = postSolution
		{EF92B731-3BB7-4D4D-BEB8-8DEFC7468F5E}.Debug|Any CPU.ActiveCfg = Debug|Any CPU
		{EF92B731-3BB7-4D4D-BEB8-8DEFC7468F5E}.Debug|Any CPU.Build.0 = Debug|Any CPU
		{EF92B731-3BB7-4D4D-BEB8-8DEFC7468F5E}.Release|Any CPU.ActiveCfg = Release|Any CPU
		{EF92B731-3BB7-4D4D-BEB8-8DEFC7468F5E}.Release|Any CPU.Build.0 = Release|Any CPU
		{C4E0FD59-2561-4820-8FCD-252015E8D1CB}.Debug|Any CPU.ActiveCfg = Debug|Any CPU
		{C4E0FD59-2561-4820-8FCD-252015E8D1CB}.Debug|Any CPU.Build.0 = Debug|Any CPU
		{C4E0FD59-2561-4820-8FCD-252015E8D1CB}.Release|Any CPU.ActiveCfg = Release|Any CPU
		{C4E0FD59-2561-4820-8FCD-252015E8D1CB}.Release|Any CPU.Build.0 = Release|Any CPU
		{D1D41EBA-0365-4887-AD07-8506539D48F6}.Debug|Any CPU.ActiveCfg = Debug|Any CPU
		{D1D41EBA-0365-4887-AD07-8506539D48F6}.Debug|Any CPU.Build.0 = Debug|Any CPU
		{D1D41EBA-0365-4887-AD07-8506539D48F6}.Release|Any CPU.ActiveCfg = Release|Any CPU
		{D1D41EBA-0365-4887-AD07-8506539D48F6}.Release|Any CPU.Build.0 = Release|Any CPU
		{38C7A91D-6261-4D62-83AB-8771B77B1D54}.Debug|Any CPU.ActiveCfg = Debug|Any CPU
		{38C7A91D-6261-4D62-83AB-8771B77B1D54}.Debug|Any CPU.Build.0 = Debug|Any CPU
		{38C7A91D-6261-4D62-83AB-8771B77B1D54}.Release|Any CPU.ActiveCfg = Release|Any CPU
		{38C7A91D-6261-4D62-83AB-8771B77B1D54}.Release|Any CPU.Build.0 = Release|Any CPU
		{AACFFF22-7A89-4D39-813B-88D2E906E1C4}.Debug|Any CPU.ActiveCfg = Debug|Any CPU
		{AACFFF22-7A89-4D39-813B-88D2E906E1C4}.Debug|Any CPU.Build.0 = Debug|Any CPU
		{AACFFF22-7A89-4D39-813B-88D2E906E1C4}.Release|Any CPU.ActiveCfg = Release|Any CPU
		{AACFFF22-7A89-4D39-813B-88D2E906E1C4}.Release|Any CPU.Build.0 = Release|Any CPU
	EndGlobalSection
	GlobalSection(SolutionProperties) = preSolution
		HideSolutionNode = FALSE
	EndGlobalSection
	GlobalSection(NestedProjects) = preSolution
		{572A6B96-E081-4109-AB23-3D0F6E3A3A30} = {C421F026-9958-418F-B246-8AED4D9295E0}
		{9B7C7526-8225-4E92-B9F1-AE3859BD33D0} = {C421F026-9958-418F-B246-8AED4D9295E0}
		{813849E6-8F2C-4BC7-8C79-0CF72A5A05B2} = {C421F026-9958-418F-B246-8AED4D9295E0}
		{EF92B731-3BB7-4D4D-BEB8-8DEFC7468F5E} = {572A6B96-E081-4109-AB23-3D0F6E3A3A30}
		{C4E0FD59-2561-4820-8FCD-252015E8D1CB} = {572A6B96-E081-4109-AB23-3D0F6E3A3A30}
		{D1D41EBA-0365-4887-AD07-8506539D48F6} = {9B7C7526-8225-4E92-B9F1-AE3859BD33D0}
		{38C7A91D-6261-4D62-83AB-8771B77B1D54} = {9B7C7526-8225-4E92-B9F1-AE3859BD33D0}
		{AACFFF22-7A89-4D39-813B-88D2E906E1C4} = {813849E6-8F2C-4BC7-8C79-0CF72A5A05B2}
	EndGlobalSection
	GlobalSection(ExtensibilityGlobals) = postSolution
		SolutionGuid = {16DEE1DE-6859-4FB8-9466-1789F2FD4001}
	EndGlobalSection
EndGlobal
