
Microsoft Visual Studio Solution File, Format Version 12.00
# Visual Studio Version 17
VisualStudioVersion = 17.2.32630.192
MinimumVisualStudioVersion = 10.0.40219.1
Project("{9A19103F-16F7-4668-BE54-9A1E7A4F7556}") = "ConsoleUI", "ConsoleUI\ConsoleUI.csproj", "{13D1386E-E70E-4CBE-A3A0-97E989C5AC23}"
EndProject
Project("{FAE04EC0-301F-11D3-BF4B-00C04F79EFBC}") = "DemoLibrary", "DemoLibrary\DemoLibrary.csproj", "{2FCE05DC-87B8-4B0E-AC11-9AEFB4C5F584}"
EndProject
Global
	GlobalSection(SolutionConfigurationPlatforms) = preSolution
		Debug|Any CPU = Debug|Any CPU
		Release|Any CPU = Release|Any CPU
	EndGlobalSection
	GlobalSection(ProjectConfigurationPlatforms) = postSolution
		{13D1386E-E70E-4CBE-A3A0-97E989C5AC23}.Debug|Any CPU.ActiveCfg = Debug|Any CPU
		{13D1386E-E70E-4CBE-A3A0-97E989C5AC23}.Debug|Any CPU.Build.0 = Debug|Any CPU
		{13D1386E-E70E-4CBE-A3A0-97E989C5AC23}.Release|Any CPU.ActiveCfg = Release|Any CPU
		{13D1386E-E70E-4CBE-A3A0-97E989C5AC23}.Release|Any CPU.Build.0 = Release|Any CPU
		{2FCE05DC-87B8-4B0E-AC11-9AEFB4C5F584}.Debug|Any CPU.ActiveCfg = Debug|Any CPU
		{2FCE05DC-87B8-4B0E-AC11-9AEFB4C5F584}.Debug|Any CPU.Build.0 = Debug|Any CPU
		{2FCE05DC-87B8-4B0E-AC11-9AEFB4C5F584}.Release|Any CPU.ActiveCfg = Release|Any CPU
		{2FCE05DC-87B8-4B0E-AC11-9AEFB4C5F584}.Release|Any CPU.Build.0 = Release|Any CPU
	EndGlobalSection
	GlobalSection(SolutionProperties) = preSolution
		HideSolutionNode = FALSE
	EndGlobalSection
	GlobalSection(ExtensibilityGlobals) = postSolution
		SolutionGuid = {76391579-431D-4126-83E5-289C56294C6F}
	EndGlobalSection
EndGlobal
