
Microsoft Visual Studio Solution File, Format Version 12.00
# Visual Studio Version 17
VisualStudioVersion = 17.2.32630.192
MinimumVisualStudioVersion = 10.0.40219.1
Project("{FAE04EC0-301F-11D3-BF4B-00C04F79EFBC}") = "Facade Patter", "Facade Patter\Facade Patter.csproj", "{29A9000B-74B5-4BBC-A537-4FEEADF86AD7}"
EndProject
Global
	GlobalSection(SolutionConfigurationPlatforms) = preSolution
		Debug|Any CPU = Debug|Any CPU
		Release|Any CPU = Release|Any CPU
	EndGlobalSection
	GlobalSection(ProjectConfigurationPlatforms) = postSolution
		{29A9000B-74B5-4BBC-A537-4FEEADF86AD7}.Debug|Any CPU.ActiveCfg = Debug|Any CPU
		{29A9000B-74B5-4BBC-A537-4FEEADF86AD7}.Debug|Any CPU.Build.0 = Debug|Any CPU
		{29A9000B-74B5-4BBC-A537-4FEEADF86AD7}.Release|Any CPU.ActiveCfg = Release|Any CPU
		{29A9000B-74B5-4BBC-A537-4FEEADF86AD7}.Release|Any CPU.Build.0 = Release|Any CPU
	EndGlobalSection
	GlobalSection(SolutionProperties) = preSolution
		HideSolutionNode = FALSE
	EndGlobalSection
	GlobalSection(ExtensibilityGlobals) = postSolution
		SolutionGuid = {EEFC59DD-818F-4474-B834-DC7D66ABBF0A}
	EndGlobalSection
EndGlobal
