
Microsoft Visual Studio Solution File, Format Version 12.00
# Visual Studio Version 17
VisualStudioVersion = 17.2.32630.192
MinimumVisualStudioVersion = 10.0.40219.1
Project("{FAE04EC0-301F-11D3-BF4B-00C04F79EFBC}") = "Factory Patter", "Factory Patter\Factory Patter.csproj", "{C0BDF990-4D65-4096-8E75-BAE21B62934D}"
EndProject
Global
	GlobalSection(SolutionConfigurationPlatforms) = preSolution
		Debug|Any CPU = Debug|Any CPU
		Release|Any CPU = Release|Any CPU
	EndGlobalSection
	GlobalSection(ProjectConfigurationPlatforms) = postSolution
		{C0BDF990-4D65-4096-8E75-BAE21B62934D}.Debug|Any CPU.ActiveCfg = Debug|Any CPU
		{C0BDF990-4D65-4096-8E75-BAE21B62934D}.Debug|Any CPU.Build.0 = Debug|Any CPU
		{C0BDF990-4D65-4096-8E75-BAE21B62934D}.Release|Any CPU.ActiveCfg = Release|Any CPU
		{C0BDF990-4D65-4096-8E75-BAE21B62934D}.Release|Any CPU.Build.0 = Release|Any CPU
	EndGlobalSection
	GlobalSection(SolutionProperties) = preSolution
		HideSolutionNode = FALSE
	EndGlobalSection
	GlobalSection(ExtensibilityGlobals) = postSolution
		SolutionGuid = {314FCF9E-08DC-4451-9B16-D0119263ABB1}
	EndGlobalSection
EndGlobal
